
Microsoft Visual Studio Solution File, Format Version 12.00
# Visual Studio Version 16
VisualStudioVersion = 16.0.29905.134
MinimumVisualStudioVersion = 10.0.40219.1
Project("{8BC9CEB8-8B4A-11D0-8D11-00A0C91BC942}") = "opencv", "opencv.vcxproj", "{A553C567-D391-42A5-B7B6-6F2B112786C0}"
EndProject
Global
	GlobalSection(SolutionConfigurationPlatforms) = preSolution
		Debug|x64 = Debug|x64
		Debug|x86 = Debug|x86
		Release|x64 = Release|x64
		Release|x86 = Release|x86
	EndGlobalSection
	GlobalSection(ProjectConfigurationPlatforms) = postSolution
		{A553C567-D391-42A5-B7B6-6F2B112786C0}.Debug|x64.ActiveCfg = Debug|x64
		{A553C567-D391-42A5-B7B6-6F2B112786C0}.Debug|x64.Build.0 = Debug|x64
		{A553C567-D391-42A5-B7B6-6F2B112786C0}.Debug|x86.ActiveCfg = Debug|Win32
		{A553C567-D391-42A5-B7B6-6F2B112786C0}.Debug|x86.Build.0 = Debug|Win32
		{A553C567-D391-42A5-B7B6-6F2B112786C0}.Release|x64.ActiveCfg = Release|x64
		{A553C567-D391-42A5-B7B6-6F2B112786C0}.Release|x64.Build.0 = Release|x64
		{A553C567-D391-42A5-B7B6-6F2B112786C0}.Release|x86.ActiveCfg = Release|Win32
		{A553C567-D391-42A5-B7B6-6F2B112786C0}.Release|x86.Build.0 = Release|Win32
	EndGlobalSection
	GlobalSection(SolutionProperties) = preSolution
		HideSolutionNode = FALSE
	EndGlobalSection
	GlobalSection(ExtensibilityGlobals) = postSolution
		SolutionGuid = {14E69D51-24C0-421E-B428-51CC487AA4A6}
	EndGlobalSection
EndGlobal
